
Microsoft Visual Studio Solution File, Format Version 12.00
# Visual Studio Version 17
VisualStudioVersion = 17.8.34330.188
MinimumVisualStudioVersion = 10.0.40219.1
Project("{9A19103F-16F7-4668-BE54-9A1E7A4F7556}") = "BlogPostFluentApiExample", "BlogPostFluentApiExample\BlogPostFluentApiExample.csproj", "{E76AAA18-58E9-49A4-A800-1A43BC607FF0}"
EndProject
Project("{FAE04EC0-301F-11D3-BF4B-00C04F79EFBC}") = "LibraryManagement.Tests", "LibraryManagement.Tests\LibraryManagement.Tests.csproj", "{286E5427-F6C4-411E-899D-C00736825482}"
EndProject
Global
	GlobalSection(SolutionConfigurationPlatforms) = preSolution
		Debug|Any CPU = Debug|Any CPU
		Release|Any CPU = Release|Any CPU
	EndGlobalSection
	GlobalSection(ProjectConfigurationPlatforms) = postSolution
		{E76AAA18-58E9-49A4-A800-1A43BC607FF0}.Debug|Any CPU.ActiveCfg = Debug|Any CPU
		{E76AAA18-58E9-49A4-A800-1A43BC607FF0}.Debug|Any CPU.Build.0 = Debug|Any CPU
		{E76AAA18-58E9-49A4-A800-1A43BC607FF0}.Release|Any CPU.ActiveCfg = Release|Any CPU
		{E76AAA18-58E9-49A4-A800-1A43BC607FF0}.Release|Any CPU.Build.0 = Release|Any CPU
		{286E5427-F6C4-411E-899D-C00736825482}.Debug|Any CPU.ActiveCfg = Debug|Any CPU
		{286E5427-F6C4-411E-899D-C00736825482}.Debug|Any CPU.Build.0 = Debug|Any CPU
		{286E5427-F6C4-411E-899D-C00736825482}.Release|Any CPU.ActiveCfg = Release|Any CPU
		{286E5427-F6C4-411E-899D-C00736825482}.Release|Any CPU.Build.0 = Release|Any CPU
	EndGlobalSection
	GlobalSection(SolutionProperties) = preSolution
		HideSolutionNode = FALSE
	EndGlobalSection
	GlobalSection(ExtensibilityGlobals) = postSolution
		SolutionGuid = {1B6F22B4-3855-4C2B-AC5F-BA12F6FC0EDF}
	EndGlobalSection
EndGlobal
